
Microsoft Visual Studio Solution File, Format Version 12.00
# Visual Studio Version 16
VisualStudioVersion = 16.0.29709.97
MinimumVisualStudioVersion = 10.0.40219.1
Project("{9A19103F-16F7-4668-BE54-9A1E7A4F7556}") = "WebApiWithDI", "WebApiWithDI\WebApiWithDI.csproj", "{FBC370E5-51D5-4BA5-81C5-D3218014B3C3}"
EndProject
Project("{E53339B2-1760-4266-BCC7-CA923CBCF16C}") = "docker-compose", "docker-compose.dcproj", "{6459AF5F-83D9-44E7-BC72-96A089DD83FE}"
EndProject
Project("{2150E333-8FDC-42A3-9474-1A3956D46DE8}") = "Solution Items", "Solution Items", "{C65B504A-642E-43E5-B0AD-E99AA8232E16}"
	ProjectSection(SolutionItems) = preProject
		README.md = README.md
	EndProjectSection
EndProject
Global
	GlobalSection(SolutionConfigurationPlatforms) = preSolution
		Debug|Any CPU = Debug|Any CPU
		Release|Any CPU = Release|Any CPU
	EndGlobalSection
	GlobalSection(ProjectConfigurationPlatforms) = postSolution
		{FBC370E5-51D5-4BA5-81C5-D3218014B3C3}.Debug|Any CPU.ActiveCfg = Debug|Any CPU
		{FBC370E5-51D5-4BA5-81C5-D3218014B3C3}.Debug|Any CPU.Build.0 = Debug|Any CPU
		{FBC370E5-51D5-4BA5-81C5-D3218014B3C3}.Release|Any CPU.ActiveCfg = Release|Any CPU
		{FBC370E5-51D5-4BA5-81C5-D3218014B3C3}.Release|Any CPU.Build.0 = Release|Any CPU
		{6459AF5F-83D9-44E7-BC72-96A089DD83FE}.Debug|Any CPU.ActiveCfg = Debug|Any CPU
		{6459AF5F-83D9-44E7-BC72-96A089DD83FE}.Debug|Any CPU.Build.0 = Debug|Any CPU
		{6459AF5F-83D9-44E7-BC72-96A089DD83FE}.Release|Any CPU.ActiveCfg = Release|Any CPU
		{6459AF5F-83D9-44E7-BC72-96A089DD83FE}.Release|Any CPU.Build.0 = Release|Any CPU
	EndGlobalSection
	GlobalSection(SolutionProperties) = preSolution
		HideSolutionNode = FALSE
	EndGlobalSection
	GlobalSection(ExtensibilityGlobals) = postSolution
		SolutionGuid = {3E535CB4-ED74-459C-8D3C-D6E23A200E97}
	EndGlobalSection
EndGlobal
